// !$*UTF8*$!
{
	archiveVersion = 1;
	classes = {
	};
	objectVersion = 50;
	objects = {

/* Begin PBXBuildFile section */
		A340F84E21BF19A700BF8D06 /* AppDelegate.swift in Sources */ = {isa = PBXBuildFile; fileRef = A340F84D21BF19A700BF8D06 /* AppDelegate.swift */; };
		A340F85021BF19A700BF8D06 /* ViewController.swift in Sources */ = {isa = PBXBuildFile; fileRef = A340F84F21BF19A700BF8D06 /* ViewController.swift */; };
		A340F85321BF19A700BF8D06 /* Main.storyboard in Resources */ = {isa = PBXBuildFile; fileRef = A340F85121BF19A700BF8D06 /* Main.storyboard */; };
		A340F85521BF19A800BF8D06 /* Assets.xcassets in Resources */ = {isa = PBXBuildFile; fileRef = A340F85421BF19A800BF8D06 /* Assets.xcassets */; };
		A340F85821BF19A800BF8D06 /* LaunchScreen.storyboard in Resources */ = {isa = PBXBuildFile; fileRef = A340F85621BF19A800BF8D06 /* LaunchScreen.storyboard */; };
		A340F86121BF1FBC00BF8D06 /* CoreLocation.framework in Frameworks */ = {isa = PBXBuildFile; fileRef = A340F86021BF1FBC00BF8D06 /* CoreLocation.framework */; };
		FA6C584E2622304500F25BBC /* Associacao.gpx in Resources */ = {isa = PBXBuildFile; fileRef = FA6C584D2622304500F25BBC /* Associacao.gpx */; };
		FA6C58572622305F00F25BBC /* Centro 2.gpx in Resources */ = {isa = PBXBuildFile; fileRef = FA6C58512622305F00F25BBC /* Centro 2.gpx */; };
		FA6C58582622305F00F25BBC /* Ferrazopolis.gpx in Resources */ = {isa = PBXBuildFile; fileRef = FA6C58522622305F00F25BBC /* Ferrazopolis.gpx */; };
		FA6C58592622305F00F25BBC /* BIG.gpx in Resources */ = {isa = PBXBuildFile; fileRef = FA6C58532622305F00F25BBC /* BIG.gpx */; };
		FA6C585A2622305F00F25BBC /* Centro 1.gpx in Resources */ = {isa = PBXBuildFile; fileRef = FA6C58542622305F00F25BBC /* Centro 1.gpx */; };
		FA6C585B2622305F00F25BBC /* Dr Flaquer.gpx in Resources */ = {isa = PBXBuildFile; fileRef = FA6C58552622305F00F25BBC /* Dr Flaquer.gpx */; };
		FA6C585C2622305F00F25BBC /* Big John.gpx in Resources */ = {isa = PBXBuildFile; fileRef = FA6C58562622305F00F25BBC /* Big John.gpx */; };
		FA6C58622622308F00F25BBC /* Prestes Maia - 3.gpx in Resources */ = {isa = PBXBuildFile; fileRef = FA6C585E2622308E00F25BBC /* Prestes Maia - 3.gpx */; };
		FA6C58632622308F00F25BBC /* Quirino de Lima.gpx in Resources */ = {isa = PBXBuildFile; fileRef = FA6C585F2622308E00F25BBC /* Quirino de Lima.gpx */; };
		FA6C58642622308F00F25BBC /* Prestes Maia 2.gpx in Resources */ = {isa = PBXBuildFile; fileRef = FA6C58602622308F00F25BBC /* Prestes Maia 2.gpx */; };
		FA6C58652622308F00F25BBC /* Prestes Maia 1.gpx in Resources */ = {isa = PBXBuildFile; fileRef = FA6C58612622308F00F25BBC /* Prestes Maia 1.gpx */; };
		FA6C586B262230B400F25BBC /* SBC Plaza.gpx in Resources */ = {isa = PBXBuildFile; fileRef = FA6C5868262230B400F25BBC /* SBC Plaza.gpx */; };
		FA6C586C262230B400F25BBC /* Tome de Souza.gpx in Resources */ = {isa = PBXBuildFile; fileRef = FA6C5869262230B400F25BBC /* Tome de Souza.gpx */; };
		FA6C586D262230B400F25BBC /* SBC Plaza Centro.gpx in Resources */ = {isa = PBXBuildFile; fileRef = FA6C586A262230B400F25BBC /* SBC Plaza Centro.gpx */; };
		FAF88BAD25D03120000DCB50 /* Marechal 1.gpx in Resources */ = {isa = PBXBuildFile; fileRef = FAF88BAC25D03120000DCB50 /* Marechal 1.gpx */; };
		FAF88BB025D034A5000DCB50 /* McDonalds Ferra.gpx in Resources */ = {isa = PBXBuildFile; fileRef = FAF88BAF25D034A5000DCB50 /* McDonalds Ferra.gpx */; };
		FAF88BB325D036DB000DCB50 /* Praca Brasil.gpx in Resources */ = {isa = PBXBuildFile; fileRef = FAF88BB225D036DB000DCB50 /* Praca Brasil.gpx */; };
/* End PBXBuildFile section */

/* Begin PBXFileReference section */
		A340F84A21BF19A700BF8D06 /* Mapas.app */ = {isa = PBXFileReference; explicitFileType = wrapper.application; includeInIndex = 0; path = Mapas.app; sourceTree = BUILT_PRODUCTS_DIR; };
		A340F84D21BF19A700BF8D06 /* AppDelegate.swift */ = {isa = PBXFileReference; lastKnownFileType = sourcecode.swift; path = AppDelegate.swift; sourceTree = "<group>"; };
		A340F84F21BF19A700BF8D06 /* ViewController.swift */ = {isa = PBXFileReference; lastKnownFileType = sourcecode.swift; path = ViewController.swift; sourceTree = "<group>"; };
		A340F85221BF19A700BF8D06 /* Base */ = {isa = PBXFileReference; lastKnownFileType = file.storyboard; name = Base; path = Base.lproj/Main.storyboard; sourceTree = "<group>"; };
		A340F85421BF19A800BF8D06 /* Assets.xcassets */ = {isa = PBXFileReference; lastKnownFileType = folder.assetcatalog; path = Assets.xcassets; sourceTree = "<group>"; };
		A340F85721BF19A800BF8D06 /* Base */ = {isa = PBXFileReference; lastKnownFileType = file.storyboard; name = Base; path = Base.lproj/LaunchScreen.storyboard; sourceTree = "<group>"; };
		A340F85921BF19A800BF8D06 /* Info.plist */ = {isa = PBXFileReference; lastKnownFileType = text.plist.xml; path = Info.plist; sourceTree = "<group>"; };
		A340F86021BF1FBC00BF8D06 /* CoreLocation.framework */ = {isa = PBXFileReference; lastKnownFileType = wrapper.framework; name = CoreLocation.framework; path = System/Library/Frameworks/CoreLocation.framework; sourceTree = SDKROOT; };
		FA053AF724C65BE600C7D5AE /* Ibirapuera 3.gpx */ = {isa = PBXFileReference; lastKnownFileType = text.xml; path = "Ibirapuera 3.gpx"; sourceTree = "<group>"; };
		FA1B937824F0728600F93899 /* Ibira - 5.gpx */ = {isa = PBXFileReference; lastKnownFileType = text.xml; path = "Ibira - 5.gpx"; sourceTree = "<group>"; };
		FA1BE4BF24BB849800CA8B58 /* Liberdade - Kazu.gpx */ = {isa = PBXFileReference; lastKnownFileType = text.xml; path = "Liberdade - Kazu.gpx"; sourceTree = "<group>"; };
		FA2578F825A7CBC900E77226 /* Ibira - Museu Afro.gpx */ = {isa = PBXFileReference; lastKnownFileType = text.xml; path = "Ibira - Museu Afro.gpx"; sourceTree = "<group>"; };
		FA28EB8824B134960031C082 /* Ibira - Bienal 1.gpx */ = {isa = PBXFileReference; lastKnownFileType = text.xml; path = "Ibira - Bienal 1.gpx"; sourceTree = "<group>"; };
		FA28EB8B24B13A620031C082 /* Ibira - Bienal 2.gpx */ = {isa = PBXFileReference; lastKnownFileType = text.xml; path = "Ibira - Bienal 2.gpx"; sourceTree = "<group>"; };
		FA28EB8C24B140050031C082 /* Ibira - Bienal 3.gpx */ = {isa = PBXFileReference; lastKnownFileType = text.xml; path = "Ibira - Bienal 3.gpx"; sourceTree = "<group>"; };
		FA419D5824D73A5700DD47B2 /* Ibira - Bienal 4.gpx */ = {isa = PBXFileReference; lastKnownFileType = text.xml; path = "Ibira - Bienal 4.gpx"; sourceTree = "<group>"; };
		FA44894225F5163C000CA76B /* Villa Lobos - Biblioteca.gpx */ = {isa = PBXFileReference; lastKnownFileType = text.xml; path = "Villa Lobos - Biblioteca.gpx"; sourceTree = "<group>"; };
		FA44894325F51716000CA76B /* Villa Lobos - Policia.gpx */ = {isa = PBXFileReference; lastKnownFileType = text.xml; path = "Villa Lobos - Policia.gpx"; sourceTree = "<group>"; };
		FA44894425F51781000CA76B /* Villa Lobos - Policia 2.gpx */ = {isa = PBXFileReference; lastKnownFileType = text.xml; path = "Villa Lobos - Policia 2.gpx"; sourceTree = "<group>"; };
		FA44894625F51832000CA76B /* Haddock 1.gpx */ = {isa = PBXFileReference; lastKnownFileType = text.xml; path = "Haddock 1.gpx"; sourceTree = "<group>"; };
		FA44894825F518C0000CA76B /* Av Paulista - Paulista.gpx */ = {isa = PBXFileReference; lastKnownFileType = text.xml; path = "Av Paulista - Paulista.gpx"; sourceTree = "<group>"; };
		FA4B4F8B24CCDC5E00CC4C1C /* Liberdade - 2.gpx */ = {isa = PBXFileReference; lastKnownFileType = text.xml; path = "Liberdade - 2.gpx"; sourceTree = "<group>"; };
		FA4FC50824FB1FF6005CB9A5 /* Ibira - Lanchonete.gpx */ = {isa = PBXFileReference; lastKnownFileType = text.xml; path = "Ibira - Lanchonete.gpx"; sourceTree = "<group>"; };
		FA55870824A950150090A2E4 /* Av Paulista - MASP.gpx */ = {isa = PBXFileReference; lastKnownFileType = text.xml; path = "Av Paulista - MASP.gpx"; sourceTree = "<group>"; };
		FA55870924A951300090A2E4 /* Av Paulista - Consolacao.gpx */ = {isa = PBXFileReference; lastKnownFileType = text.xml; path = "Av Paulista - Consolacao.gpx"; sourceTree = "<group>"; };
		FA55870A24A952A40090A2E4 /* Sao Joaquim.gpx */ = {isa = PBXFileReference; lastKnownFileType = text.xml; path = "Sao Joaquim.gpx"; sourceTree = "<group>"; };
		FA588A1C24FF00E800FE778C /* Ibira - Planetario 2.gpx */ = {isa = PBXFileReference; lastKnownFileType = text.xml; path = "Ibira - Planetario 2.gpx"; sourceTree = "<group>"; };
		FA5DA40D24D614B600E1031B /* Ibira - Planetario.gpx */ = {isa = PBXFileReference; lastKnownFileType = text.xml; path = "Ibira - Planetario.gpx"; sourceTree = "<group>"; };
		FA6C584D2622304500F25BBC /* Associacao.gpx */ = {isa = PBXFileReference; fileEncoding = 4; lastKnownFileType = text.xml; path = Associacao.gpx; sourceTree = "<group>"; };
		FA6C58512622305F00F25BBC /* Centro 2.gpx */ = {isa = PBXFileReference; fileEncoding = 4; lastKnownFileType = text.xml; path = "Centro 2.gpx"; sourceTree = "<group>"; };
		FA6C58522622305F00F25BBC /* Ferrazopolis.gpx */ = {isa = PBXFileReference; fileEncoding = 4; lastKnownFileType = text.xml; path = Ferrazopolis.gpx; sourceTree = "<group>"; };
		FA6C58532622305F00F25BBC /* BIG.gpx */ = {isa = PBXFileReference; fileEncoding = 4; lastKnownFileType = text.xml; path = BIG.gpx; sourceTree = "<group>"; };
		FA6C58542622305F00F25BBC /* Centro 1.gpx */ = {isa = PBXFileReference; fileEncoding = 4; lastKnownFileType = text.xml; path = "Centro 1.gpx"; sourceTree = "<group>"; };
		FA6C58552622305F00F25BBC /* Dr Flaquer.gpx */ = {isa = PBXFileReference; fileEncoding = 4; lastKnownFileType = text.xml; path = "Dr Flaquer.gpx"; sourceTree = "<group>"; };
		FA6C58562622305F00F25BBC /* Big John.gpx */ = {isa = PBXFileReference; fileEncoding = 4; lastKnownFileType = text.xml; path = "Big John.gpx"; sourceTree = "<group>"; };
		FA6C585E2622308E00F25BBC /* Prestes Maia - 3.gpx */ = {isa = PBXFileReference; fileEncoding = 4; lastKnownFileType = text.xml; path = "Prestes Maia - 3.gpx"; sourceTree = "<group>"; };
		FA6C585F2622308E00F25BBC /* Quirino de Lima.gpx */ = {isa = PBXFileReference; fileEncoding = 4; lastKnownFileType = text.xml; path = "Quirino de Lima.gpx"; sourceTree = "<group>"; };
		FA6C58602622308F00F25BBC /* Prestes Maia 2.gpx */ = {isa = PBXFileReference; fileEncoding = 4; lastKnownFileType = text.xml; path = "Prestes Maia 2.gpx"; sourceTree = "<group>"; };
		FA6C58612622308F00F25BBC /* Prestes Maia 1.gpx */ = {isa = PBXFileReference; fileEncoding = 4; lastKnownFileType = text.xml; path = "Prestes Maia 1.gpx"; sourceTree = "<group>"; };
		FA6C5868262230B400F25BBC /* SBC Plaza.gpx */ = {isa = PBXFileReference; fileEncoding = 4; lastKnownFileType = text.xml; path = "SBC Plaza.gpx"; sourceTree = "<group>"; };
		FA6C5869262230B400F25BBC /* Tome de Souza.gpx */ = {isa = PBXFileReference; fileEncoding = 4; lastKnownFileType = text.xml; path = "Tome de Souza.gpx"; sourceTree = "<group>"; };
		FA6C586A262230B400F25BBC /* SBC Plaza Centro.gpx */ = {isa = PBXFileReference; fileEncoding = 4; lastKnownFileType = text.xml; path = "SBC Plaza Centro.gpx"; sourceTree = "<group>"; };
		FABB218525F8236A002011FA /* Paco 1.gpx */ = {isa = PBXFileReference; lastKnownFileType = text.xml; path = "Paco 1.gpx"; sourceTree = "<group>"; };
		FAD4BDA525E187880064CD05 /* Av Paulista - Sesc 2.gpx */ = {isa = PBXFileReference; lastKnownFileType = text.xml; path = "Av Paulista - Sesc 2.gpx"; sourceTree = "<group>"; };
		FADFF40824A8273F004CF472 /* Ibira - MAM.gpx */ = {isa = PBXFileReference; lastKnownFileType = text.xml; path = "Ibira - MAM.gpx"; sourceTree = "<group>"; };
		FADFF40924A82AF4004CF472 /* Liberdade.gpx */ = {isa = PBXFileReference; lastKnownFileType = text.xml; path = Liberdade.gpx; sourceTree = "<group>"; };
		FADFF40A24A82CE5004CF472 /* Santa Cruz.gpx */ = {isa = PBXFileReference; lastKnownFileType = text.xml; path = "Santa Cruz.gpx"; sourceTree = "<group>"; };
		FADFF40B24A82E36004CF472 /* Av Paulista - Sesc.gpx */ = {isa = PBXFileReference; lastKnownFileType = text.xml; path = "Av Paulista - Sesc.gpx"; sourceTree = "<group>"; };
		FAE500D924BD0F5B001B7118 /* Ibira - Oca.gpx */ = {isa = PBXFileReference; lastKnownFileType = text.xml; path = "Ibira - Oca.gpx"; sourceTree = "<group>"; };
		FAE500DA24BD1007001B7118 /* Ibira - Auditorio.gpx */ = {isa = PBXFileReference; lastKnownFileType = text.xml; path = "Ibira - Auditorio.gpx"; sourceTree = "<group>"; };
		FAF88BAC25D03120000DCB50 /* Marechal 1.gpx */ = {isa = PBXFileReference; lastKnownFileType = text.xml; path = "Marechal 1.gpx"; sourceTree = "<group>"; };
		FAF88BAF25D034A5000DCB50 /* McDonalds Ferra.gpx */ = {isa = PBXFileReference; lastKnownFileType = text.xml; path = "McDonalds Ferra.gpx"; sourceTree = "<group>"; };
		FAF88BB225D036DB000DCB50 /* Praca Brasil.gpx */ = {isa = PBXFileReference; lastKnownFileType = text.xml; path = "Praca Brasil.gpx"; sourceTree = "<group>"; };
/* End PBXFileReference section */

/* Begin PBXFrameworksBuildPhase section */
		A340F84721BF19A700BF8D06 /* Frameworks */ = {
			isa = PBXFrameworksBuildPhase;
			buildActionMask = 2147483647;
			files = (
				A340F86121BF1FBC00BF8D06 /* CoreLocation.framework in Frameworks */,
			);
			runOnlyForDeploymentPostprocessing = 0;
		};
/* End PBXFrameworksBuildPhase section */

/* Begin PBXGroup section */
		A340F84121BF19A700BF8D06 = {
			isa = PBXGroup;
			children = (
				A340F84C21BF19A700BF8D06 /* Mapas */,
				A340F84B21BF19A700BF8D06 /* Products */,
				A340F85F21BF1FBC00BF8D06 /* Frameworks */,
			);
			sourceTree = "<group>";
		};
		A340F84B21BF19A700BF8D06 /* Products */ = {
			isa = PBXGroup;
			children = (
				A340F84A21BF19A700BF8D06 /* Mapas.app */,
			);
			name = Products;
			sourceTree = "<group>";
		};
		A340F84C21BF19A700BF8D06 /* Mapas */ = {
			isa = PBXGroup;
			children = (
				FADFF40624A8206A004CF472 /* Locations */,
				A340F84D21BF19A700BF8D06 /* AppDelegate.swift */,
				A340F84F21BF19A700BF8D06 /* ViewController.swift */,
				A340F85121BF19A700BF8D06 /* Main.storyboard */,
				A340F85421BF19A800BF8D06 /* Assets.xcassets */,
				A340F85621BF19A800BF8D06 /* LaunchScreen.storyboard */,
				A340F85921BF19A800BF8D06 /* Info.plist */,
			);
			path = Mapas;
			sourceTree = "<group>";
		};
		A340F85F21BF1FBC00BF8D06 /* Frameworks */ = {
			isa = PBXGroup;
			children = (
				A340F86021BF1FBC00BF8D06 /* CoreLocation.framework */,
			);
			name = Frameworks;
			sourceTree = "<group>";
		};
		FADFF40624A8206A004CF472 /* Locations */ = {
			isa = PBXGroup;
			children = (
				FA55870924A951300090A2E4 /* Av Paulista - Consolacao.gpx */,
				FA6C584D2622304500F25BBC /* Associacao.gpx */,
				FAF88BAC25D03120000DCB50 /* Marechal 1.gpx */,
				FAF88BAF25D034A5000DCB50 /* McDonalds Ferra.gpx */,
				FA6C58562622305F00F25BBC /* Big John.gpx */,
				FA6C58532622305F00F25BBC /* BIG.gpx */,
				FA6C58542622305F00F25BBC /* Centro 1.gpx */,
				FA6C58552622305F00F25BBC /* Dr Flaquer.gpx */,
				FA6C58512622305F00F25BBC /* Centro 2.gpx */,
				FA6C58522622305F00F25BBC /* Ferrazopolis.gpx */,
				FA6C58612622308F00F25BBC /* Prestes Maia 1.gpx */,
				FA6C58602622308F00F25BBC /* Prestes Maia 2.gpx */,
				FA6C585E2622308E00F25BBC /* Prestes Maia - 3.gpx */,
				FA6C585F2622308E00F25BBC /* Quirino de Lima.gpx */,
				FA6C586A262230B400F25BBC /* SBC Plaza Centro.gpx */,
				FA6C5868262230B400F25BBC /* SBC Plaza.gpx */,
				FA6C5869262230B400F25BBC /* Tome de Souza.gpx */,
				FA55870824A950150090A2E4 /* Av Paulista - MASP.gpx */,
				FADFF40B24A82E36004CF472 /* Av Paulista - Sesc.gpx */,
				FAF88BB225D036DB000DCB50 /* Praca Brasil.gpx */,
				FA1B937824F0728600F93899 /* Ibira - 5.gpx */,
				FAE500DA24BD1007001B7118 /* Ibira - Auditorio.gpx */,
				FA28EB8824B134960031C082 /* Ibira - Bienal 1.gpx */,
				FA28EB8B24B13A620031C082 /* Ibira - Bienal 2.gpx */,
				FA28EB8C24B140050031C082 /* Ibira - Bienal 3.gpx */,
				FA419D5824D73A5700DD47B2 /* Ibira - Bienal 4.gpx */,
				FADFF40824A8273F004CF472 /* Ibira - MAM.gpx */,
				FAE500D924BD0F5B001B7118 /* Ibira - Oca.gpx */,
				FA5DA40D24D614B600E1031B /* Ibira - Planetario.gpx */,
				FA053AF724C65BE600C7D5AE /* Ibirapuera 3.gpx */,
				FA4B4F8B24CCDC5E00CC4C1C /* Liberdade - 2.gpx */,
				FA1BE4BF24BB849800CA8B58 /* Liberdade - Kazu.gpx */,
				FADFF40924A82AF4004CF472 /* Liberdade.gpx */,
				FADFF40A24A82CE5004CF472 /* Santa Cruz.gpx */,
				FA55870A24A952A40090A2E4 /* Sao Joaquim.gpx */,
				FA4FC50824FB1FF6005CB9A5 /* Ibira - Lanchonete.gpx */,
				FA588A1C24FF00E800FE778C /* Ibira - Planetario 2.gpx */,
				FA2578F825A7CBC900E77226 /* Ibira - Museu Afro.gpx */,
				FAD4BDA525E187880064CD05 /* Av Paulista - Sesc 2.gpx */,
				FA44894225F5163C000CA76B /* Villa Lobos - Biblioteca.gpx */,
				FA44894325F51716000CA76B /* Villa Lobos - Policia.gpx */,
				FA44894425F51781000CA76B /* Villa Lobos - Policia 2.gpx */,
				FA44894625F51832000CA76B /* Haddock 1.gpx */,
				FA44894825F518C0000CA76B /* Av Paulista - Paulista.gpx */,
				FABB218525F8236A002011FA /* Paco 1.gpx */,
			);
			path = Locations;
			sourceTree = "<group>";
		};
/* End PBXGroup section */

/* Begin PBXNativeTarget section */
		A340F84921BF19A700BF8D06 /* Mapas */ = {
			isa = PBXNativeTarget;
			buildConfigurationList = A340F85C21BF19A800BF8D06 /* Build configuration list for PBXNativeTarget "Mapas" */;
			buildPhases = (
				A340F84621BF19A700BF8D06 /* Sources */,
				A340F84721BF19A700BF8D06 /* Frameworks */,
				A340F84821BF19A700BF8D06 /* Resources */,
			);
			buildRules = (
			);
			dependencies = (
			);
			name = Mapas;
			productName = Mapas;
			productReference = A340F84A21BF19A700BF8D06 /* Mapas.app */;
			productType = "com.apple.product-type.application";
		};
/* End PBXNativeTarget section */

/* Begin PBXProject section */
		A340F84221BF19A700BF8D06 /* Project object */ = {
			isa = PBXProject;
			attributes = {
				LastSwiftUpdateCheck = 1000;
				LastUpgradeCheck = 1200;
				ORGANIZATIONNAME = AK;
				TargetAttributes = {
					A340F84921BF19A700BF8D06 = {
						CreatedOnToolsVersion = 10.0;
						LastSwiftMigration = 1160;
					};
				};
			};
			buildConfigurationList = A340F84521BF19A700BF8D06 /* Build configuration list for PBXProject "Mapas" */;
			compatibilityVersion = "Xcode 9.3";
			developmentRegion = en;
			hasScannedForEncodings = 0;
			knownRegions = (
				en,
				Base,
			);
			mainGroup = A340F84121BF19A700BF8D06;
			productRefGroup = A340F84B21BF19A700BF8D06 /* Products */;
			projectDirPath = "";
			projectRoot = "";
			targets = (
				A340F84921BF19A700BF8D06 /* Mapas */,
			);
		};
/* End PBXProject section */

/* Begin PBXResourcesBuildPhase section */
		A340F84821BF19A700BF8D06 /* Resources */ = {
			isa = PBXResourcesBuildPhase;
			buildActionMask = 2147483647;
			files = (
				FA6C58632622308F00F25BBC /* Quirino de Lima.gpx in Resources */,
				A340F85821BF19A800BF8D06 /* LaunchScreen.storyboard in Resources */,
				FA6C585C2622305F00F25BBC /* Big John.gpx in Resources */,
				FA6C58652622308F00F25BBC /* Prestes Maia 1.gpx in Resources */,
				FA6C585A2622305F00F25BBC /* Centro 1.gpx in Resources */,
				FA6C584E2622304500F25BBC /* Associacao.gpx in Resources */,
				FA6C58582622305F00F25BBC /* Ferrazopolis.gpx in Resources */,
				A340F85521BF19A800BF8D06 /* Assets.xcassets in Resources */,
				FAF88BB325D036DB000DCB50 /* Praca Brasil.gpx in Resources */,
				FAF88BB025D034A5000DCB50 /* McDonalds Ferra.gpx in Resources */,
				FA6C585B2622305F00F25BBC /* Dr Flaquer.gpx in Resources */,
				FA6C58642622308F00F25BBC /* Prestes Maia 2.gpx in Resources */,
				FAF88BAD25D03120000DCB50 /* Marechal 1.gpx in Resources */,
				FA6C586C262230B400F25BBC /* Tome de Souza.gpx in Resources */,
				FA6C586D262230B400F25BBC /* SBC Plaza Centro.gpx in Resources */,
				FA6C58592622305F00F25BBC /* BIG.gpx in Resources */,
				FA6C58622622308F00F25BBC /* Prestes Maia - 3.gpx in Resources */,
				A340F85321BF19A700BF8D06 /* Main.storyboard in Resources */,
				FA6C58572622305F00F25BBC /* Centro 2.gpx in Resources */,
				FA6C586B262230B400F25BBC /* SBC Plaza.gpx in Resources */,
			);
			runOnlyForDeploymentPostprocessing = 0;
		};
/* End PBXResourcesBuildPhase section */

/* Begin PBXSourcesBuildPhase section */
		A340F84621BF19A700BF8D06 /* Sources */ = {
			isa = PBXSourcesBuildPhase;
			buildActionMask = 2147483647;
			files = (
				A340F85021BF19A700BF8D06 /* ViewController.swift in Sources */,
				A340F84E21BF19A700BF8D06 /* AppDelegate.swift in Sources */,
			);
			runOnlyForDeploymentPostprocessing = 0;
		};
/* End PBXSourcesBuildPhase section */

/* Begin PBXVariantGroup section */
		A340F85121BF19A700BF8D06 /* Main.storyboard */ = {
			isa = PBXVariantGroup;
			children = (
				A340F85221BF19A700BF8D06 /* Base */,
			);
			name = Main.storyboard;
			sourceTree = "<group>";
		};
		A340F85621BF19A800BF8D06 /* LaunchScreen.storyboard */ = {
			isa = PBXVariantGroup;
			children = (
				A340F85721BF19A800BF8D06 /* Base */,
			);
			name = LaunchScreen.storyboard;
			sourceTree = "<group>";
		};
/* End PBXVariantGroup section */

/* Begin XCBuildConfiguration section */
		A340F85A21BF19A800BF8D06 /* Debug */ = {
			isa = XCBuildConfiguration;
			buildSettings = {
				ALWAYS_SEARCH_USER_PATHS = NO;
				CLANG_ANALYZER_NONNULL = YES;
				CLANG_ANALYZER_NUMBER_OBJECT_CONVERSION = YES_AGGRESSIVE;
				CLANG_CXX_LANGUAGE_STANDARD = "gnu++14";
				CLANG_CXX_LIBRARY = "libc++";
				CLANG_ENABLE_MODULES = YES;
				CLANG_ENABLE_OBJC_ARC = YES;
				CLANG_ENABLE_OBJC_WEAK = YES;
				CLANG_WARN_BLOCK_CAPTURE_AUTORELEASING = YES;
				CLANG_WARN_BOOL_CONVERSION = YES;
				CLANG_WARN_COMMA = YES;
				CLANG_WARN_CONSTANT_CONVERSION = YES;
				CLANG_WARN_DEPRECATED_OBJC_IMPLEMENTATIONS = YES;
				CLANG_WARN_DIRECT_OBJC_ISA_USAGE = YES_ERROR;
				CLANG_WARN_DOCUMENTATION_COMMENTS = YES;
				CLANG_WARN_EMPTY_BODY = YES;
				CLANG_WARN_ENUM_CONVERSION = YES;
				CLANG_WARN_INFINITE_RECURSION = YES;
				CLANG_WARN_INT_CONVERSION = YES;
				CLANG_WARN_NON_LITERAL_NULL_CONVERSION = YES;
				CLANG_WARN_OBJC_IMPLICIT_RETAIN_SELF = YES;
				CLANG_WARN_OBJC_LITERAL_CONVERSION = YES;
				CLANG_WARN_OBJC_ROOT_CLASS = YES_ERROR;
				CLANG_WARN_QUOTED_INCLUDE_IN_FRAMEWORK_HEADER = YES;
				CLANG_WARN_RANGE_LOOP_ANALYSIS = YES;
				CLANG_WARN_STRICT_PROTOTYPES = YES;
				CLANG_WARN_SUSPICIOUS_MOVE = YES;
				CLANG_WARN_UNGUARDED_AVAILABILITY = YES_AGGRESSIVE;
				CLANG_WARN_UNREACHABLE_CODE = YES;
				CLANG_WARN__DUPLICATE_METHOD_MATCH = YES;
				CODE_SIGN_IDENTITY = "iPhone Developer";
				COPY_PHASE_STRIP = NO;
				DEBUG_INFORMATION_FORMAT = dwarf;
				ENABLE_STRICT_OBJC_MSGSEND = YES;
				ENABLE_TESTABILITY = YES;
				GCC_C_LANGUAGE_STANDARD = gnu11;
				GCC_DYNAMIC_NO_PIC = NO;
				GCC_NO_COMMON_BLOCKS = YES;
				GCC_OPTIMIZATION_LEVEL = 0;
				GCC_PREPROCESSOR_DEFINITIONS = (
					"DEBUG=1",
					"$(inherited)",
				);
				GCC_WARN_64_TO_32_BIT_CONVERSION = YES;
				GCC_WARN_ABOUT_RETURN_TYPE = YES_ERROR;
				GCC_WARN_UNDECLARED_SELECTOR = YES;
				GCC_WARN_UNINITIALIZED_AUTOS = YES_AGGRESSIVE;
				GCC_WARN_UNUSED_FUNCTION = YES;
				GCC_WARN_UNUSED_VARIABLE = YES;
				IPHONEOS_DEPLOYMENT_TARGET = 12.0;
				MTL_ENABLE_DEBUG_INFO = INCLUDE_SOURCE;
				MTL_FAST_MATH = YES;
				ONLY_ACTIVE_ARCH = YES;
				SDKROOT = iphoneos;
				SWIFT_ACTIVE_COMPILATION_CONDITIONS = DEBUG;
				SWIFT_OPTIMIZATION_LEVEL = "-Onone";
			};
			name = Debug;
		};
		A340F85B21BF19A800BF8D06 /* Release */ = {
			isa = XCBuildConfiguration;
			buildSettings = {
				ALWAYS_SEARCH_USER_PATHS = NO;
				CLANG_ANALYZER_NONNULL = YES;
				CLANG_ANALYZER_NUMBER_OBJECT_CONVERSION = YES_AGGRESSIVE;
				CLANG_CXX_LANGUAGE_STANDARD = "gnu++14";
				CLANG_CXX_LIBRARY = "libc++";
				CLANG_ENABLE_MODULES = YES;
				CLANG_ENABLE_OBJC_ARC = YES;
				CLANG_ENABLE_OBJC_WEAK = YES;
				CLANG_WARN_BLOCK_CAPTURE_AUTORELEASING = YES;
				CLANG_WARN_BOOL_CONVERSION = YES;
				CLANG_WARN_COMMA = YES;
				CLANG_WARN_CONSTANT_CONVERSION = YES;
				CLANG_WARN_DEPRECATED_OBJC_IMPLEMENTATIONS = YES;
				CLANG_WARN_DIRECT_OBJC_ISA_USAGE = YES_ERROR;
				CLANG_WARN_DOCUMENTATION_COMMENTS = YES;
				CLANG_WARN_EMPTY_BODY = YES;
				CLANG_WARN_ENUM_CONVERSION = YES;
				CLANG_WARN_INFINITE_RECURSION = YES;
				CLANG_WARN_INT_CONVERSION = YES;
				CLANG_WARN_NON_LITERAL_NULL_CONVERSION = YES;
				CLANG_WARN_OBJC_IMPLICIT_RETAIN_SELF = YES;
				CLANG_WARN_OBJC_LITERAL_CONVERSION = YES;
				CLANG_WARN_OBJC_ROOT_CLASS = YES_ERROR;
				CLANG_WARN_QUOTED_INCLUDE_IN_FRAMEWORK_HEADER = YES;
				CLANG_WARN_RANGE_LOOP_ANALYSIS = YES;
				CLANG_WARN_STRICT_PROTOTYPES = YES;
				CLANG_WARN_SUSPICIOUS_MOVE = YES;
				CLANG_WARN_UNGUARDED_AVAILABILITY = YES_AGGRESSIVE;
				CLANG_WARN_UNREACHABLE_CODE = YES;
				CLANG_WARN__DUPLICATE_METHOD_MATCH = YES;
				CODE_SIGN_IDENTITY = "iPhone Developer";
				COPY_PHASE_STRIP = NO;
				DEBUG_INFORMATION_FORMAT = "dwarf-with-dsym";
				ENABLE_NS_ASSERTIONS = NO;
				ENABLE_STRICT_OBJC_MSGSEND = YES;
				GCC_C_LANGUAGE_STANDARD = gnu11;
				GCC_NO_COMMON_BLOCKS = YES;
				GCC_WARN_64_TO_32_BIT_CONVERSION = YES;
				GCC_WARN_ABOUT_RETURN_TYPE = YES_ERROR;
				GCC_WARN_UNDECLARED_SELECTOR = YES;
				GCC_WARN_UNINITIALIZED_AUTOS = YES_AGGRESSIVE;
				GCC_WARN_UNUSED_FUNCTION = YES;
				GCC_WARN_UNUSED_VARIABLE = YES;
				IPHONEOS_DEPLOYMENT_TARGET = 12.0;
				MTL_ENABLE_DEBUG_INFO = NO;
				MTL_FAST_MATH = YES;
				SDKROOT = iphoneos;
				SWIFT_COMPILATION_MODE = wholemodule;
				SWIFT_OPTIMIZATION_LEVEL = "-O";
				VALIDATE_PRODUCT = YES;
			};
			name = Release;
		};
		A340F85D21BF19A800BF8D06 /* Debug */ = {
			isa = XCBuildConfiguration;
			buildSettings = {
				ASSETCATALOG_COMPILER_APPICON_NAME = AppIcon;
				CODE_SIGN_STYLE = Automatic;
				DEVELOPMENT_TEAM = 9U9U2WB44B;
				INFOPLIST_FILE = Mapas/Info.plist;
				LD_RUNPATH_SEARCH_PATHS = (
					"$(inherited)",
					"@executable_path/Frameworks",
				);
				PRODUCT_BUNDLE_IDENTIFIER = com.ak.Mapas;
				PRODUCT_NAME = "$(TARGET_NAME)";
				SWIFT_VERSION = 5.0;
				TARGETED_DEVICE_FAMILY = "1,2";
			};
			name = Debug;
		};
		A340F85E21BF19A800BF8D06 /* Release */ = {
			isa = XCBuildConfiguration;
			buildSettings = {
				ASSETCATALOG_COMPILER_APPICON_NAME = AppIcon;
				CODE_SIGN_STYLE = Automatic;
				DEVELOPMENT_TEAM = 9U9U2WB44B;
				INFOPLIST_FILE = Mapas/Info.plist;
				LD_RUNPATH_SEARCH_PATHS = (
					"$(inherited)",
					"@executable_path/Frameworks",
				);
				PRODUCT_BUNDLE_IDENTIFIER = com.ak.Mapas;
				PRODUCT_NAME = "$(TARGET_NAME)";
				SWIFT_VERSION = 5.0;
				TARGETED_DEVICE_FAMILY = "1,2";
			};
			name = Release;
		};
/* End XCBuildConfiguration section */

/* Begin XCConfigurationList section */
		A340F84521BF19A700BF8D06 /* Build configuration list for PBXProject "Mapas" */ = {
			isa = XCConfigurationList;
			buildConfigurations = (
				A340F85A21BF19A800BF8D06 /* Debug */,
				A340F85B21BF19A800BF8D06 /* Release */,
			);
			defaultConfigurationIsVisible = 0;
			defaultConfigurationName = Release;
		};
		A340F85C21BF19A800BF8D06 /* Build configuration list for PBXNativeTarget "Mapas" */ = {
			isa = XCConfigurationList;
			buildConfigurations = (
				A340F85D21BF19A800BF8D06 /* Debug */,
				A340F85E21BF19A800BF8D06 /* Release */,
			);
			defaultConfigurationIsVisible = 0;
			defaultConfigurationName = Release;
		};
/* End XCConfigurationList section */
	};
	rootObject = A340F84221BF19A700BF8D06 /* Project object */;
}
